{
  "pins" : [
    {
      "identity" : "storybook-swiftui",
      "kind" : "remoteSourceControl",
      "location" : "https://github.com/aj-bartocci/Storybook-SwiftUI",
      "state" : {
        "revision" : "b7718cf63dcfe53c22f2b87061f3c4b0f476265a",
        "version" : "2.0.0"
      }
    },
    {
      "identity" : "swiftuipreviewhelpers",
      "kind" : "remoteSourceControl",
      "location" : "https://github.com/aj-bartocci/SwiftUIPreviewHelpers",
      "state" : {
        "branch" : "experimental",
        "revision" : "99febf7468e5b53d82ded21c5968b1bbd7536d81"
      }
    }
  ],
  "version" : 2
}
